
Microsoft Visual Studio Solution File, Format Version 12.00
# Visual Studio 2015
Project("{FAE04EC0-301F-11D3-BF4B-00C04F79EFBC}") = "Conquest_11_11_2015.CSharp", "Conquest_11_11_2015.CSharp.csproj", "{89C196BC-1CE3-6CDC-2F95-C0BB560D0BDC}"
EndProject
Global
	GlobalSection(SolutionConfigurationPlatforms) = preSolution
		Debug|Any CPU = Debug|Any CPU
		Release|Any CPU = Release|Any CPU
	EndGlobalSection
	GlobalSection(ProjectConfigurationPlatforms) = postSolution
		{89C196BC-1CE3-6CDC-2F95-C0BB560D0BDC}.Debug|Any CPU.ActiveCfg = Debug|Any CPU
		{89C196BC-1CE3-6CDC-2F95-C0BB560D0BDC}.Debug|Any CPU.Build.0 = Debug|Any CPU
		{89C196BC-1CE3-6CDC-2F95-C0BB560D0BDC}.Release|Any CPU.ActiveCfg = Release|Any CPU
		{89C196BC-1CE3-6CDC-2F95-C0BB560D0BDC}.Release|Any CPU.Build.0 = Release|Any CPU
	EndGlobalSection
	GlobalSection(SolutionProperties) = preSolution
		HideSolutionNode = FALSE
	EndGlobalSection
EndGlobal
